PODS:
  - CropViewController (2.5.3)
  - FittedSheets (1.4.6)
  - IQKeyboardManagerSwift (6.5.5)

DEPENDENCIES:
  - CropViewController
  - FittedSheets
  - IQKeyboardManagerSwift

SPEC REPOS:
  trunk:
    - CropViewController
    - FittedSheets
    - IQKeyboardManagerSwift

SPEC CHECKSUMS:
  CropViewController: a5c143548a0fabcd6cc25f2d26e40460cfb8c78c
  FittedSheets: 7f37fee2567d15dcde391f31eccbffb660ddebf0
  IQKeyboardManagerSwift: 0fb93310284665245591f50f7a5e38de615960b7

PODFILE CHECKSUM: fa3ed39e0b7102dae01454564672f79022ba6136

COCOAPODS: 1.9.3
