// !$*UTF8*$!
{
	archiveVersion = 1;
	classes = {
	};
	objectVersion = 51;
	objects = {

/* Begin PBXBuildFile section */
		21D94A5B432B71402DFD2DFB /* Pods_Clo.framework in Frameworks */ = {isa = PBXBuildFile; fileRef = 1A228FC09CAD5AF1927CF95B /* Pods_Clo.framework */; };
		3303FE8524975B2F00724FAB /* CollectionViewCell.swift in Sources */ = {isa = PBXBuildFile; fileRef = 3303FE8424975B2F00724FAB /* CollectionViewCell.swift */; };
		3303FE872497778800724FAB /* ItemSheet.swift in Sources */ = {isa = PBXBuildFile; fileRef = 3303FE862497778800724FAB /* ItemSheet.swift */; };
		33041F9D247C113800721E63 /* Identifiers.swift in Sources */ = {isa = PBXBuildFile; fileRef = 33041F9C247C113800721E63 /* Identifiers.swift */; };
		33041F9F247C122900721E63 /* ClothesListCollectionViewCell.swift in Sources */ = {isa = PBXBuildFile; fileRef = 33041F9E247C122900721E63 /* ClothesListCollectionViewCell.swift */; };
		33041FA1247CF64300721E63 /* ClothesSymbolsCollectionViewCell.swift in Sources */ = {isa = PBXBuildFile; fileRef = 33041FA0247CF64300721E63 /* ClothesSymbolsCollectionViewCell.swift */; };
		33041FA3247D061700721E63 /* ClothesListCollectionViewCellDelegates.swift in Sources */ = {isa = PBXBuildFile; fileRef = 33041FA2247D061700721E63 /* ClothesListCollectionViewCellDelegates.swift */; };
		3306B4482496210400A42C85 /* Image.swift in Sources */ = {isa = PBXBuildFile; fileRef = 3306B4472496210400A42C85 /* Image.swift */; };
		3308ECA7248D5C2F008C7B61 /* Result.swift in Sources */ = {isa = PBXBuildFile; fileRef = 3308ECA6248D5C2F008C7B61 /* Result.swift */; };
		3308ECAD248E09D5008C7B61 /* DetailViewController.swift in Sources */ = {isa = PBXBuildFile; fileRef = 3308ECAC248E09D5008C7B61 /* DetailViewController.swift */; };
		3308ECAF248E0A50008C7B61 /* DetailView.swift in Sources */ = {isa = PBXBuildFile; fileRef = 3308ECAE248E0A50008C7B61 /* DetailView.swift */; };
		3308ECB1248E0CA8008C7B61 /* DetailPhotoTableViewCell.swift in Sources */ = {isa = PBXBuildFile; fileRef = 3308ECB0248E0CA8008C7B61 /* DetailPhotoTableViewCell.swift */; };
		3308ECB3248E0CC0008C7B61 /* DetailTypeAndInfoTableViewCell.swift in Sources */ = {isa = PBXBuildFile; fileRef = 3308ECB2248E0CC0008C7B61 /* DetailTypeAndInfoTableViewCell.swift */; };
		3308ECB7248E0CD4008C7B61 /* DetailSymbolsTableViewCell.swift in Sources */ = {isa = PBXBuildFile; fileRef = 3308ECB6248E0CD4008C7B61 /* DetailSymbolsTableViewCell.swift */; };
		3313592C24C9712100D42CCE /* LaundryListCollectionViewCellDelegates.swift in Sources */ = {isa = PBXBuildFile; fileRef = 3313592B24C9712100D42CCE /* LaundryListCollectionViewCellDelegates.swift */; };
		33148695247FF279007BAA43 /* InputFieldsView.swift in Sources */ = {isa = PBXBuildFile; fileRef = 33148694247FF279007BAA43 /* InputFieldsView.swift */; };
		3314D60A249FE72400F69DF4 /* FeedbackManager.swift in Sources */ = {isa = PBXBuildFile; fileRef = 3314D609249FE72400F69DF4 /* FeedbackManager.swift */; };
		3315B134248118A400BA354B /* ItemViewController.swift in Sources */ = {isa = PBXBuildFile; fileRef = 3315B133248118A400BA354B /* ItemViewController.swift */; };
		331EE79124C962B9001730BD /* LaundryDetailViewController.swift in Sources */ = {isa = PBXBuildFile; fileRef = 331EE79024C962B9001730BD /* LaundryDetailViewController.swift */; };
		33270511249F684500E50B98 /* Symbol.swift in Sources */ = {isa = PBXBuildFile; fileRef = 33270510249F684500E50B98 /* Symbol.swift */; };
		33270513249F688E00E50B98 /* ColorType.swift in Sources */ = {isa = PBXBuildFile; fileRef = 33270512249F688E00E50B98 /* ColorType.swift */; };
		332AC388249FBB3C0081EC50 /* WashingMode.swift in Sources */ = {isa = PBXBuildFile; fileRef = 332AC387249FBB3C0081EC50 /* WashingMode.swift */; };
		332AC38A249FBBD30081EC50 /* WashingManager.swift in Sources */ = {isa = PBXBuildFile; fileRef = 332AC389249FBBD30081EC50 /* WashingManager.swift */; };
		335439A924C6CD52009B41EE /* AddNewItemCollectionViewCell.swift in Sources */ = {isa = PBXBuildFile; fileRef = 335439A824C6CD52009B41EE /* AddNewItemCollectionViewCell.swift */; };
		33574789247FBB89008172FB /* ColorTypeCollectionView.swift in Sources */ = {isa = PBXBuildFile; fileRef = 33574788247FBB89008172FB /* ColorTypeCollectionView.swift */; };
		3357478B247FBC03008172FB /* ColorTypeCollectionViewCell.swift in Sources */ = {isa = PBXBuildFile; fileRef = 3357478A247FBC03008172FB /* ColorTypeCollectionViewCell.swift */; };
		3357478E247FC77D008172FB /* CloNextButton.swift in Sources */ = {isa = PBXBuildFile; fileRef = 3357478D247FC77D008172FB /* CloNextButton.swift */; };
		33574790247FCABD008172FB /* CloTextField.swift in Sources */ = {isa = PBXBuildFile; fileRef = 3357478F247FCABD008172FB /* CloTextField.swift */; };
		33574792247FE40C008172FB /* ClothingColor.swift in Sources */ = {isa = PBXBuildFile; fileRef = 33574791247FE40C008172FB /* ClothingColor.swift */; };
		3367BA6324A617EB0099BB43 /* Localizable.strings in Resources */ = {isa = PBXBuildFile; fileRef = 3367BA6524A617EB0099BB43 /* Localizable.strings */; };
		3367E76724811B3C00459AA4 /* ItemView.swift in Sources */ = {isa = PBXBuildFile; fileRef = 3367E76624811B3C00459AA4 /* ItemView.swift */; };
		3367E76924811CA600459AA4 /* ItemTableViewCell.swift in Sources */ = {isa = PBXBuildFile; fileRef = 3367E76824811CA600459AA4 /* ItemTableViewCell.swift */; };
		3367E76B2481545C00459AA4 /* PhotoLibraryManager.swift in Sources */ = {isa = PBXBuildFile; fileRef = 3367E76A2481545B00459AA4 /* PhotoLibraryManager.swift */; };
		338F227E248A703E001C40D1 /* CoreDataManager.swift in Sources */ = {isa = PBXBuildFile; fileRef = 338F227D248A703E001C40D1 /* CoreDataManager.swift */; };
		338F2280248A70A7001C40D1 /* Clothes.swift in Sources */ = {isa = PBXBuildFile; fileRef = 338F227F248A70A7001C40D1 /* Clothes.swift */; };
		338F2282248A8E78001C40D1 /* CloudKit.framework in Frameworks */ = {isa = PBXBuildFile; fileRef = 338F2281248A8E78001C40D1 /* CloudKit.framework */; };
		3392C5EB249CEF290066D5DD /* CloFieldButton.swift in Sources */ = {isa = PBXBuildFile; fileRef = 3392C5EA249CEF290066D5DD /* CloFieldButton.swift */; };
		3396FCC9247BFEA800D8B759 /* ClothesListView.swift in Sources */ = {isa = PBXBuildFile; fileRef = 3396FCC8247BFEA800D8B759 /* ClothesListView.swift */; };
		33A8432E2482BF620083339D /* SelectSymbolsViewController.swift in Sources */ = {isa = PBXBuildFile; fileRef = 33A8432D2482BF620083339D /* SelectSymbolsViewController.swift */; };
		33A843302482BF7B0083339D /* SelectSymbolsView.swift in Sources */ = {isa = PBXBuildFile; fileRef = 33A8432F2482BF7B0083339D /* SelectSymbolsView.swift */; };
		33B5923524A492F00079E57A /* MenuViewController.swift in Sources */ = {isa = PBXBuildFile; fileRef = 33B5923424A492F00079E57A /* MenuViewController.swift */; };
		33B5923724A492FE0079E57A /* MenuView.swift in Sources */ = {isa = PBXBuildFile; fileRef = 33B5923624A492FE0079E57A /* MenuView.swift */; };
		33B5923924A498AB0079E57A /* MenuItemTableViewCell.swift in Sources */ = {isa = PBXBuildFile; fileRef = 33B5923824A498AB0079E57A /* MenuItemTableViewCell.swift */; };
		33BACFF324B32F630041D852 /* CloShadowView.swift in Sources */ = {isa = PBXBuildFile; fileRef = 33BACFF224B32F630041D852 /* CloShadowView.swift */; };
		33BD5D8B24BC341C000D5356 /* LaundryListCollectionViewCell.swift in Sources */ = {isa = PBXBuildFile; fileRef = 33BD5D8A24BC341C000D5356 /* LaundryListCollectionViewCell.swift */; };
		33C5172B24A4A6ED00128C4B /* StoreKit.framework in Frameworks */ = {isa = PBXBuildFile; fileRef = 33C5172A24A4A6ED00128C4B /* StoreKit.framework */; };
		33C5172D24A4AA2000128C4B /* InAppPurchaseManager.swift in Sources */ = {isa = PBXBuildFile; fileRef = 33C5172C24A4AA2000128C4B /* InAppPurchaseManager.swift */; };
		33DD507224AA36C3009CDC01 /* LaundryListViewController.swift in Sources */ = {isa = PBXBuildFile; fileRef = 33DD507124AA36C3009CDC01 /* LaundryListViewController.swift */; };
		33DD507424AA3711009CDC01 /* LaundryListView.swift in Sources */ = {isa = PBXBuildFile; fileRef = 33DD507324AA3711009CDC01 /* LaundryListView.swift */; };
		33DFEB03248D0AF200B802F4 /* Clothes.xcdatamodeld in Sources */ = {isa = PBXBuildFile; fileRef = 33DFEB01248D0AF200B802F4 /* Clothes.xcdatamodeld */; };
		33E61A1224A47DE100B6D1FD /* ResultViewController.swift in Sources */ = {isa = PBXBuildFile; fileRef = 33E61A1124A47DE100B6D1FD /* ResultViewController.swift */; };
		33E7DCF0247F92CF00BD3F41 /* AddEditClothesViewController.swift in Sources */ = {isa = PBXBuildFile; fileRef = 33E7DCEF247F92CF00BD3F41 /* AddEditClothesViewController.swift */; };
		33E7DCF2247F92E800BD3F41 /* AddEditClothesView.swift in Sources */ = {isa = PBXBuildFile; fileRef = 33E7DCF1247F92E800BD3F41 /* AddEditClothesView.swift */; };
		33E7DCFA247FB1D900BD3F41 /* ClothingType.swift in Sources */ = {isa = PBXBuildFile; fileRef = 33E7DCF9247FB1D900BD3F41 /* ClothingType.swift */; };
		33E95F212493C66E00102199 /* GallerySheet.swift in Sources */ = {isa = PBXBuildFile; fileRef = 33E95F202493C66E00102199 /* GallerySheet.swift */; };
		33EF08F724B5A9D300F1A352 /* NewLaundryViewController.swift in Sources */ = {isa = PBXBuildFile; fileRef = 33EF08F624B5A9D300F1A352 /* NewLaundryViewController.swift */; };
		33EF08F924B5B40200F1A352 /* CreatedLaundryViewController.swift in Sources */ = {isa = PBXBuildFile; fileRef = 33EF08F824B5B40200F1A352 /* CreatedLaundryViewController.swift */; };
		33EF08FB24B5D5B200F1A352 /* Laundry.swift in Sources */ = {isa = PBXBuildFile; fileRef = 33EF08FA24B5D5B200F1A352 /* Laundry.swift */; };
		33EFBD25249FA62C0031942A /* ImageView.swift in Sources */ = {isa = PBXBuildFile; fileRef = 33EFBD24249FA62C0031942A /* ImageView.swift */; };
		33F1A4E1248F94B800857FE9 /* CloAlertController.swift in Sources */ = {isa = PBXBuildFile; fileRef = 33F1A4E0248F94B800857FE9 /* CloAlertController.swift */; };
		33FEB3AE249F8FCB00D2B037 /* WashingFilterViewController.swift in Sources */ = {isa = PBXBuildFile; fileRef = 33FEB3AD249F8FCB00D2B037 /* WashingFilterViewController.swift */; };
		33FEB3B0249F8FDD00D2B037 /* WashingFilterView.swift in Sources */ = {isa = PBXBuildFile; fileRef = 33FEB3AF249F8FDD00D2B037 /* WashingFilterView.swift */; };
		33FEB3B2249F902400D2B037 /* WashingFilterSheet.swift in Sources */ = {isa = PBXBuildFile; fileRef = 33FEB3B1249F902400D2B037 /* WashingFilterSheet.swift */; };
		A807DB972459A317006BE209 /* .swiftlint.yml in Resources */ = {isa = PBXBuildFile; fileRef = A807DB962459A317006BE209 /* .swiftlint.yml */; };
		A8204D5B2463183B005E30A0 /* GalleryViewController.swift in Sources */ = {isa = PBXBuildFile; fileRef = A8204D5A2463183B005E30A0 /* GalleryViewController.swift */; };
		A8204D5D24631881005E30A0 /* GalleryView.swift in Sources */ = {isa = PBXBuildFile; fileRef = A8204D5C24631880005E30A0 /* GalleryView.swift */; };
		A8204D5F2463189D005E30A0 /* GalleryCollectionViewCell.swift in Sources */ = {isa = PBXBuildFile; fileRef = A8204D5E2463189D005E30A0 /* GalleryCollectionViewCell.swift */; };
		A82AC97E2458404F00C0DC3D /* AppDelegate.swift in Sources */ = {isa = PBXBuildFile; fileRef = A82AC97D2458404F00C0DC3D /* AppDelegate.swift */; };
		A82AC9802458404F00C0DC3D /* SceneDelegate.swift in Sources */ = {isa = PBXBuildFile; fileRef = A82AC97F2458404F00C0DC3D /* SceneDelegate.swift */; };
		A82AC9872458405100C0DC3D /* Assets.xcassets in Resources */ = {isa = PBXBuildFile; fileRef = A82AC9862458405100C0DC3D /* Assets.xcassets */; };
		A82AC98A2458405100C0DC3D /* LaunchScreen.storyboard in Resources */ = {isa = PBXBuildFile; fileRef = A82AC9882458405100C0DC3D /* LaunchScreen.storyboard */; };
		A84ADDF5245F3851008F3425 /* LaundrySymbolsViewController.swift in Sources */ = {isa = PBXBuildFile; fileRef = A84ADDF4245F3851008F3425 /* LaundrySymbolsViewController.swift */; };
		A84ADDF7245F3AF0008F3425 /* ClothesListViewController.swift in Sources */ = {isa = PBXBuildFile; fileRef = A84ADDF6245F3AF0008F3425 /* ClothesListViewController.swift */; };
		A84ADDFB245F5143008F3425 /* LaundrySymbolsCollectionViewCell.swift in Sources */ = {isa = PBXBuildFile; fileRef = A84ADDFA245F5143008F3425 /* LaundrySymbolsCollectionViewCell.swift */; };
		A84DB6FF245AC8F200A101B1 /* Constants.swift in Sources */ = {isa = PBXBuildFile; fileRef = A84DB6FE245AC8F200A101B1 /* Constants.swift */; };
		A85B37DF24584723001833FD /* .gitignore in Resources */ = {isa = PBXBuildFile; fileRef = A85B37DE24584723001833FD /* .gitignore */; };
		A8751F14245FFA7300B62589 /* LaundrySymbolsHeader.swift in Sources */ = {isa = PBXBuildFile; fileRef = A8751F13245FFA7300B62589 /* LaundrySymbolsHeader.swift */; };
		A8751F1624601E5B00B62589 /* LaundrySymbolsView.swift in Sources */ = {isa = PBXBuildFile; fileRef = A8751F1524601E5B00B62589 /* LaundrySymbolsView.swift */; };
		A876C52F2458701E00B08C94 /* Podfile in Resources */ = {isa = PBXBuildFile; fileRef = A876C52E2458701E00B08C94 /* Podfile */; };
		A886AFCF24606301007FAEF2 /* SymbolsSections.swift in Sources */ = {isa = PBXBuildFile; fileRef = A886AFCE24606301007FAEF2 /* SymbolsSections.swift */; };
		A8A2D877245B019300C265F3 /* TextField.swift in Sources */ = {isa = PBXBuildFile; fileRef = A8A2D876245B019300C265F3 /* TextField.swift */; };
		A8BC7479245C427400106097 /* Images.swift in Sources */ = {isa = PBXBuildFile; fileRef = A8BC7478245C427400106097 /* Images.swift */; };
		A8BC747B245C429300106097 /* Colors.swift in Sources */ = {isa = PBXBuildFile; fileRef = A8BC747A245C429300106097 /* Colors.swift */; };
		A8BC7484245C95CF00106097 /* MainTabBarController.swift in Sources */ = {isa = PBXBuildFile; fileRef = A8BC7483245C95CF00106097 /* MainTabBarController.swift */; };
		A8C9034824602EE9004294D9 /* Symbols.swift in Sources */ = {isa = PBXBuildFile; fileRef = A8C9034724602EE9004294D9 /* Symbols.swift */; };
		A8C9034A24602FE3004294D9 /* Categories.swift in Sources */ = {isa = PBXBuildFile; fileRef = A8C9034924602FE3004294D9 /* Categories.swift */; };
		A8C9034C24603A6C004294D9 /* Symbols.json in Resources */ = {isa = PBXBuildFile; fileRef = A8C9034B24603A6C004294D9 /* Symbols.json */; };
		A8DA1A992465A0370077F0ED /* CameraCollectionViewCell.swift in Sources */ = {isa = PBXBuildFile; fileRef = A8DA1A982465A0370077F0ED /* CameraCollectionViewCell.swift */; };
/* End PBXBuildFile section */

/* Begin PBXFileReference section */
		1A228FC09CAD5AF1927CF95B /* Pods_Clo.framework */ = {isa = PBXFileReference; explicitFileType = wrapper.framework; includeInIndex = 0; path = Pods_Clo.framework; sourceTree = BUILT_PRODUCTS_DIR; };
		1E5A39CE76BE4E7124AF2DCB /* Pods-Clo.release.xcconfig */ = {isa = PBXFileReference; includeInIndex = 1; lastKnownFileType = text.xcconfig; name = "Pods-Clo.release.xcconfig"; path = "Target Support Files/Pods-Clo/Pods-Clo.release.xcconfig"; sourceTree = "<group>"; };
		3303FE8424975B2F00724FAB /* CollectionViewCell.swift */ = {isa = PBXFileReference; lastKnownFileType = sourcecode.swift; path = CollectionViewCell.swift; sourceTree = "<group>"; };
		3303FE862497778800724FAB /* ItemSheet.swift */ = {isa = PBXFileReference; lastKnownFileType = sourcecode.swift; path = ItemSheet.swift; sourceTree = "<group>"; };
		33041F9C247C113800721E63 /* Identifiers.swift */ = {isa = PBXFileReference; lastKnownFileType = sourcecode.swift; path = Identifiers.swift; sourceTree = "<group>"; };
		33041F9E247C122900721E63 /* ClothesListCollectionViewCell.swift */ = {isa = PBXFileReference; lastKnownFileType = sourcecode.swift; path = ClothesListCollectionViewCell.swift; sourceTree = "<group>"; };
		33041FA0247CF64300721E63 /* ClothesSymbolsCollectionViewCell.swift */ = {isa = PBXFileReference; lastKnownFileType = sourcecode.swift; path = ClothesSymbolsCollectionViewCell.swift; sourceTree = "<group>"; };
		33041FA2247D061700721E63 /* ClothesListCollectionViewCellDelegates.swift */ = {isa = PBXFileReference; lastKnownFileType = sourcecode.swift; path = ClothesListCollectionViewCellDelegates.swift; sourceTree = "<group>"; };
		3306B4472496210400A42C85 /* Image.swift */ = {isa = PBXFileReference; lastKnownFileType = sourcecode.swift; path = Image.swift; sourceTree = "<group>"; };
		3308ECA6248D5C2F008C7B61 /* Result.swift */ = {isa = PBXFileReference; lastKnownFileType = sourcecode.swift; path = Result.swift; sourceTree = "<group>"; };
		3308ECAC248E09D5008C7B61 /* DetailViewController.swift */ = {isa = PBXFileReference; lastKnownFileType = sourcecode.swift; path = DetailViewController.swift; sourceTree = "<group>"; };
		3308ECAE248E0A50008C7B61 /* DetailView.swift */ = {isa = PBXFileReference; lastKnownFileType = sourcecode.swift; path = DetailView.swift; sourceTree = "<group>"; };
		3308ECB0248E0CA8008C7B61 /* DetailPhotoTableViewCell.swift */ = {isa = PBXFileReference; lastKnownFileType = sourcecode.swift; path = DetailPhotoTableViewCell.swift; sourceTree = "<group>"; };
		3308ECB2248E0CC0008C7B61 /* DetailTypeAndInfoTableViewCell.swift */ = {isa = PBXFileReference; lastKnownFileType = sourcecode.swift; path = DetailTypeAndInfoTableViewCell.swift; sourceTree = "<group>"; };
		3308ECB6248E0CD4008C7B61 /* DetailSymbolsTableViewCell.swift */ = {isa = PBXFileReference; lastKnownFileType = sourcecode.swift; path = DetailSymbolsTableViewCell.swift; sourceTree = "<group>"; };
		3313592B24C9712100D42CCE /* LaundryListCollectionViewCellDelegates.swift */ = {isa = PBXFileReference; lastKnownFileType = sourcecode.swift; path = LaundryListCollectionViewCellDelegates.swift; sourceTree = "<group>"; };
		33148694247FF279007BAA43 /* InputFieldsView.swift */ = {isa = PBXFileReference; lastKnownFileType = sourcecode.swift; path = InputFieldsView.swift; sourceTree = "<group>"; };
		3314D609249FE72400F69DF4 /* FeedbackManager.swift */ = {isa = PBXFileReference; lastKnownFileType = sourcecode.swift; path = FeedbackManager.swift; sourceTree = "<group>"; };
		3315B133248118A400BA354B /* ItemViewController.swift */ = {isa = PBXFileReference; lastKnownFileType = sourcecode.swift; path = ItemViewController.swift; sourceTree = "<group>"; };
		331EE79024C962B9001730BD /* LaundryDetailViewController.swift */ = {isa = PBXFileReference; lastKnownFileType = sourcecode.swift; path = LaundryDetailViewController.swift; sourceTree = "<group>"; };
		33270510249F684500E50B98 /* Symbol.swift */ = {isa = PBXFileReference; lastKnownFileType = sourcecode.swift; path = Symbol.swift; sourceTree = "<group>"; };
		33270512249F688E00E50B98 /* ColorType.swift */ = {isa = PBXFileReference; lastKnownFileType = sourcecode.swift; path = ColorType.swift; sourceTree = "<group>"; };
		332AC387249FBB3C0081EC50 /* WashingMode.swift */ = {isa = PBXFileReference; lastKnownFileType = sourcecode.swift; path = WashingMode.swift; sourceTree = "<group>"; };
		332AC389249FBBD30081EC50 /* WashingManager.swift */ = {isa = PBXFileReference; lastKnownFileType = sourcecode.swift; path = WashingManager.swift; sourceTree = "<group>"; };
		335439A824C6CD52009B41EE /* AddNewItemCollectionViewCell.swift */ = {isa = PBXFileReference; lastKnownFileType = sourcecode.swift; path = AddNewItemCollectionViewCell.swift; sourceTree = "<group>"; };
		33574788247FBB89008172FB /* ColorTypeCollectionView.swift */ = {isa = PBXFileReference; lastKnownFileType = sourcecode.swift; path = ColorTypeCollectionView.swift; sourceTree = "<group>"; };
		3357478A247FBC03008172FB /* ColorTypeCollectionViewCell.swift */ = {isa = PBXFileReference; lastKnownFileType = sourcecode.swift; path = ColorTypeCollectionViewCell.swift; sourceTree = "<group>"; };
		3357478D247FC77D008172FB /* CloNextButton.swift */ = {isa = PBXFileReference; lastKnownFileType = sourcecode.swift; path = CloNextButton.swift; sourceTree = "<group>"; };
		3357478F247FCABD008172FB /* CloTextField.swift */ = {isa = PBXFileReference; lastKnownFileType = sourcecode.swift; path = CloTextField.swift; sourceTree = "<group>"; };
		33574791247FE40C008172FB /* ClothingColor.swift */ = {isa = PBXFileReference; lastKnownFileType = sourcecode.swift; path = ClothingColor.swift; sourceTree = "<group>"; };
		3367BA6024A6179A0099BB43 /* ru */ = {isa = PBXFileReference; lastKnownFileType = text.plist.strings; name = ru; path = ru.lproj/LaunchScreen.strings; sourceTree = "<group>"; };
		3367BA6424A617EB0099BB43 /* en */ = {isa = PBXFileReference; lastKnownFileType = text.plist.strings; name = en; path = en.lproj/Localizable.strings; sourceTree = "<group>"; };
		3367BA6624A617F90099BB43 /* ru */ = {isa = PBXFileReference; lastKnownFileType = text.plist.strings; name = ru; path = ru.lproj/Localizable.strings; sourceTree = "<group>"; };
		3367E76624811B3C00459AA4 /* ItemView.swift */ = {isa = PBXFileReference; lastKnownFileType = sourcecode.swift; path = ItemView.swift; sourceTree = "<group>"; };
		3367E76824811CA600459AA4 /* ItemTableViewCell.swift */ = {isa = PBXFileReference; lastKnownFileType = sourcecode.swift; path = ItemTableViewCell.swift; sourceTree = "<group>"; };
		3367E76A2481545B00459AA4 /* PhotoLibraryManager.swift */ = {isa = PBXFileReference; fileEncoding = 4; lastKnownFileType = sourcecode.swift; path = PhotoLibraryManager.swift; sourceTree = "<group>"; };
		338F227D248A703E001C40D1 /* CoreDataManager.swift */ = {isa = PBXFileReference; lastKnownFileType = sourcecode.swift; path = CoreDataManager.swift; sourceTree = "<group>"; };
		338F227F248A70A7001C40D1 /* Clothes.swift */ = {isa = PBXFileReference; lastKnownFileType = sourcecode.swift; path = Clothes.swift; sourceTree = "<group>"; };
		338F2281248A8E78001C40D1 /* CloudKit.framework */ = {isa = PBXFileReference; lastKnownFileType = wrapper.framework; name = CloudKit.framework; path = System/Library/Frameworks/CloudKit.framework; sourceTree = SDKROOT; };
		3392C5EA249CEF290066D5DD /* CloFieldButton.swift */ = {isa = PBXFileReference; lastKnownFileType = sourcecode.swift; path = CloFieldButton.swift; sourceTree = "<group>"; };
		3396FCC8247BFEA800D8B759 /* ClothesListView.swift */ = {isa = PBXFileReference; lastKnownFileType = sourcecode.swift; path = ClothesListView.swift; sourceTree = "<group>"; };
		33A8432D2482BF620083339D /* SelectSymbolsViewController.swift */ = {isa = PBXFileReference; lastKnownFileType = sourcecode.swift; path = SelectSymbolsViewController.swift; sourceTree = "<group>"; };
		33A8432F2482BF7B0083339D /* SelectSymbolsView.swift */ = {isa = PBXFileReference; lastKnownFileType = sourcecode.swift; path = SelectSymbolsView.swift; sourceTree = "<group>"; };
		33B5923424A492F00079E57A /* MenuViewController.swift */ = {isa = PBXFileReference; lastKnownFileType = sourcecode.swift; path = MenuViewController.swift; sourceTree = "<group>"; };
		33B5923624A492FE0079E57A /* MenuView.swift */ = {isa = PBXFileReference; lastKnownFileType = sourcecode.swift; path = MenuView.swift; sourceTree = "<group>"; };
		33B5923824A498AB0079E57A /* MenuItemTableViewCell.swift */ = {isa = PBXFileReference; lastKnownFileType = sourcecode.swift; path = MenuItemTableViewCell.swift; sourceTree = "<group>"; };
		33BACFF224B32F630041D852 /* CloShadowView.swift */ = {isa = PBXFileReference; lastKnownFileType = sourcecode.swift; path = CloShadowView.swift; sourceTree = "<group>"; };
		33BD5D8A24BC341C000D5356 /* LaundryListCollectionViewCell.swift */ = {isa = PBXFileReference; lastKnownFileType = sourcecode.swift; path = LaundryListCollectionViewCell.swift; sourceTree = "<group>"; };
		33C5172A24A4A6ED00128C4B /* StoreKit.framework */ = {isa = PBXFileReference; lastKnownFileType = wrapper.framework; name = StoreKit.framework; path = System/Library/Frameworks/StoreKit.framework; sourceTree = SDKROOT; };
		33C5172C24A4AA2000128C4B /* InAppPurchaseManager.swift */ = {isa = PBXFileReference; lastKnownFileType = sourcecode.swift; path = InAppPurchaseManager.swift; sourceTree = "<group>"; };
		33DD507124AA36C3009CDC01 /* LaundryListViewController.swift */ = {isa = PBXFileReference; lastKnownFileType = sourcecode.swift; path = LaundryListViewController.swift; sourceTree = "<group>"; };
		33DD507324AA3711009CDC01 /* LaundryListView.swift */ = {isa = PBXFileReference; lastKnownFileType = sourcecode.swift; path = LaundryListView.swift; sourceTree = "<group>"; };
		33DFEB02248D0AF200B802F4 /* Clothes.xcdatamodel */ = {isa = PBXFileReference; lastKnownFileType = wrapper.xcdatamodel; path = Clothes.xcdatamodel; sourceTree = "<group>"; };
		33E61A1124A47DE100B6D1FD /* ResultViewController.swift */ = {isa = PBXFileReference; lastKnownFileType = sourcecode.swift; path = ResultViewController.swift; sourceTree = "<group>"; };
		33E7DCEF247F92CF00BD3F41 /* AddEditClothesViewController.swift */ = {isa = PBXFileReference; lastKnownFileType = sourcecode.swift; path = AddEditClothesViewController.swift; sourceTree = "<group>"; };
		33E7DCF1247F92E800BD3F41 /* AddEditClothesView.swift */ = {isa = PBXFileReference; lastKnownFileType = sourcecode.swift; path = AddEditClothesView.swift; sourceTree = "<group>"; };
		33E7DCF9247FB1D900BD3F41 /* ClothingType.swift */ = {isa = PBXFileReference; lastKnownFileType = sourcecode.swift; path = ClothingType.swift; sourceTree = "<group>"; };
		33E95F202493C66E00102199 /* GallerySheet.swift */ = {isa = PBXFileReference; lastKnownFileType = sourcecode.swift; path = GallerySheet.swift; sourceTree = "<group>"; };
		33EF08F624B5A9D300F1A352 /* NewLaundryViewController.swift */ = {isa = PBXFileReference; lastKnownFileType = sourcecode.swift; path = NewLaundryViewController.swift; sourceTree = "<group>"; };
		33EF08F824B5B40200F1A352 /* CreatedLaundryViewController.swift */ = {isa = PBXFileReference; lastKnownFileType = sourcecode.swift; path = CreatedLaundryViewController.swift; sourceTree = "<group>"; };
		33EF08FA24B5D5B200F1A352 /* Laundry.swift */ = {isa = PBXFileReference; lastKnownFileType = sourcecode.swift; path = Laundry.swift; sourceTree = "<group>"; };
		33EFBD24249FA62C0031942A /* ImageView.swift */ = {isa = PBXFileReference; lastKnownFileType = sourcecode.swift; path = ImageView.swift; sourceTree = "<group>"; };
		33F1A4E0248F94B800857FE9 /* CloAlertController.swift */ = {isa = PBXFileReference; lastKnownFileType = sourcecode.swift; path = CloAlertController.swift; sourceTree = "<group>"; };
		33FEB3AD249F8FCB00D2B037 /* WashingFilterViewController.swift */ = {isa = PBXFileReference; lastKnownFileType = sourcecode.swift; path = WashingFilterViewController.swift; sourceTree = "<group>"; };
		33FEB3AF249F8FDD00D2B037 /* WashingFilterView.swift */ = {isa = PBXFileReference; lastKnownFileType = sourcecode.swift; path = WashingFilterView.swift; sourceTree = "<group>"; };
		33FEB3B1249F902400D2B037 /* WashingFilterSheet.swift */ = {isa = PBXFileReference; lastKnownFileType = sourcecode.swift; path = WashingFilterSheet.swift; sourceTree = "<group>"; };
		7F4903D218EF839C0FC15428 /* Pods-Clo.debug.xcconfig */ = {isa = PBXFileReference; includeInIndex = 1; lastKnownFileType = text.xcconfig; name = "Pods-Clo.debug.xcconfig"; path = "Target Support Files/Pods-Clo/Pods-Clo.debug.xcconfig"; sourceTree = "<group>"; };
		A807DB962459A317006BE209 /* .swiftlint.yml */ = {isa = PBXFileReference; fileEncoding = 4; lastKnownFileType = text.yaml; path = .swiftlint.yml; sourceTree = SOURCE_ROOT; };
		A8204D5A2463183B005E30A0 /* GalleryViewController.swift */ = {isa = PBXFileReference; lastKnownFileType = sourcecode.swift; path = GalleryViewController.swift; sourceTree = "<group>"; };
		A8204D5C24631880005E30A0 /* GalleryView.swift */ = {isa = PBXFileReference; lastKnownFileType = sourcecode.swift; path = GalleryView.swift; sourceTree = "<group>"; };
		A8204D5E2463189D005E30A0 /* GalleryCollectionViewCell.swift */ = {isa = PBXFileReference; lastKnownFileType = sourcecode.swift; path = GalleryCollectionViewCell.swift; sourceTree = "<group>"; };
		A82AC97A2458404F00C0DC3D /* Clo.app */ = {isa = PBXFileReference; explicitFileType = wrapper.application; includeInIndex = 0; path = Clo.app; sourceTree = BUILT_PRODUCTS_DIR; };
		A82AC97D2458404F00C0DC3D /* AppDelegate.swift */ = {isa = PBXFileReference; lastKnownFileType = sourcecode.swift; path = AppDelegate.swift; sourceTree = "<group>"; };
		A82AC97F2458404F00C0DC3D /* SceneDelegate.swift */ = {isa = PBXFileReference; lastKnownFileType = sourcecode.swift; path = SceneDelegate.swift; sourceTree = "<group>"; };
		A82AC9862458405100C0DC3D /* Assets.xcassets */ = {isa = PBXFileReference; lastKnownFileType = folder.assetcatalog; path = Assets.xcassets; sourceTree = "<group>"; };
		A82AC9892458405100C0DC3D /* Base */ = {isa = PBXFileReference; lastKnownFileType = file.storyboard; name = Base; path = Base.lproj/LaunchScreen.storyboard; sourceTree = "<group>"; };
		A82AC98B2458405100C0DC3D /* Info.plist */ = {isa = PBXFileReference; lastKnownFileType = text.plist.xml; path = Info.plist; sourceTree = "<group>"; };
		A84ADDF4245F3851008F3425 /* LaundrySymbolsViewController.swift */ = {isa = PBXFileReference; lastKnownFileType = sourcecode.swift; path = LaundrySymbolsViewController.swift; sourceTree = "<group>"; };
		A84ADDF6245F3AF0008F3425 /* ClothesListViewController.swift */ = {isa = PBXFileReference; lastKnownFileType = sourcecode.swift; path = ClothesListViewController.swift; sourceTree = "<group>"; };
		A84ADDFA245F5143008F3425 /* LaundrySymbolsCollectionViewCell.swift */ = {isa = PBXFileReference; lastKnownFileType = sourcecode.swift; path = LaundrySymbolsCollectionViewCell.swift; sourceTree = "<group>"; };
		A84DB6FE245AC8F200A101B1 /* Constants.swift */ = {isa = PBXFileReference; lastKnownFileType = sourcecode.swift; path = Constants.swift; sourceTree = "<group>"; };
		A85B37DE24584723001833FD /* .gitignore */ = {isa = PBXFileReference; fileEncoding = 4; lastKnownFileType = text; path = .gitignore; sourceTree = "<group>"; };
		A8751F13245FFA7300B62589 /* LaundrySymbolsHeader.swift */ = {isa = PBXFileReference; lastKnownFileType = sourcecode.swift; path = LaundrySymbolsHeader.swift; sourceTree = "<group>"; };
		A8751F1524601E5B00B62589 /* LaundrySymbolsView.swift */ = {isa = PBXFileReference; lastKnownFileType = sourcecode.swift; path = LaundrySymbolsView.swift; sourceTree = "<group>"; };
		A876C52E2458701E00B08C94 /* Podfile */ = {isa = PBXFileReference; fileEncoding = 4; lastKnownFileType = text; path = Podfile; sourceTree = SOURCE_ROOT; xcLanguageSpecificationIdentifier = xcode.lang.ruby; };
		A886AFCE24606301007FAEF2 /* SymbolsSections.swift */ = {isa = PBXFileReference; lastKnownFileType = sourcecode.swift; path = SymbolsSections.swift; sourceTree = "<group>"; };
		A8A2D876245B019300C265F3 /* TextField.swift */ = {isa = PBXFileReference; lastKnownFileType = sourcecode.swift; path = TextField.swift; sourceTree = "<group>"; };
		A8BC7478245C427400106097 /* Images.swift */ = {isa = PBXFileReference; lastKnownFileType = sourcecode.swift; path = Images.swift; sourceTree = "<group>"; };
		A8BC747A245C429300106097 /* Colors.swift */ = {isa = PBXFileReference; lastKnownFileType = sourcecode.swift; path = Colors.swift; sourceTree = "<group>"; };
		A8BC7483245C95CF00106097 /* MainTabBarController.swift */ = {isa = PBXFileReference; lastKnownFileType = sourcecode.swift; path = MainTabBarController.swift; sourceTree = "<group>"; };
		A8C9034724602EE9004294D9 /* Symbols.swift */ = {isa = PBXFileReference; lastKnownFileType = sourcecode.swift; path = Symbols.swift; sourceTree = "<group>"; };
		A8C9034924602FE3004294D9 /* Categories.swift */ = {isa = PBXFileReference; lastKnownFileType = sourcecode.swift; path = Categories.swift; sourceTree = "<group>"; };
		A8C9034B24603A6C004294D9 /* Symbols.json */ = {isa = PBXFileReference; fileEncoding = 4; lastKnownFileType = text.json; path = Symbols.json; sourceTree = "<group>"; };
		A8DA1A982465A0370077F0ED /* CameraCollectionViewCell.swift */ = {isa = PBXFileReference; lastKnownFileType = sourcecode.swift; path = CameraCollectionViewCell.swift; sourceTree = "<group>"; };
/* End PBXFileReference section */

/* Begin PBXFrameworksBuildPhase section */
		A82AC9772458404F00C0DC3D /* Frameworks */ = {
			isa = PBXFrameworksBuildPhase;
			buildActionMask = 2147483647;
			files = (
				33C5172B24A4A6ED00128C4B /* StoreKit.framework in Frameworks */,
				21D94A5B432B71402DFD2DFB /* Pods_Clo.framework in Frameworks */,
				338F2282248A8E78001C40D1 /* CloudKit.framework in Frameworks */,
			);
			runOnlyForDeploymentPostprocessing = 0;
		};
/* End PBXFrameworksBuildPhase section */

/* Begin PBXGroup section */
		27AE5B08AC8FCA322E5EAB3A /* Frameworks */ = {
			isa = PBXGroup;
			children = (
				33C5172A24A4A6ED00128C4B /* StoreKit.framework */,
				338F2281248A8E78001C40D1 /* CloudKit.framework */,
				1A228FC09CAD5AF1927CF95B /* Pods_Clo.framework */,
			);
			name = Frameworks;
			sourceTree = "<group>";
		};
		3308ECA8248E0963008C7B61 /* List */ = {
			isa = PBXGroup;
			children = (
				A8DA1A9724659F550077F0ED /* View */,
				A8DA1A9624659F4C0077F0ED /* Controller */,
			);
			path = List;
			sourceTree = "<group>";
		};
		3308ECA9248E099E008C7B61 /* ShowDetail */ = {
			isa = PBXGroup;
			children = (
				3308ECAB248E09B5008C7B61 /* View */,
				3308ECAA248E09AF008C7B61 /* Controller */,
			);
			path = ShowDetail;
			sourceTree = "<group>";
		};
		3308ECAA248E09AF008C7B61 /* Controller */ = {
			isa = PBXGroup;
			children = (
				3308ECAC248E09D5008C7B61 /* DetailViewController.swift */,
			);
			path = Controller;
			sourceTree = "<group>";
		};
		3308ECAB248E09B5008C7B61 /* View */ = {
			isa = PBXGroup;
			children = (
				3308ECAE248E0A50008C7B61 /* DetailView.swift */,
				3308ECB0248E0CA8008C7B61 /* DetailPhotoTableViewCell.swift */,
				3308ECB2248E0CC0008C7B61 /* DetailTypeAndInfoTableViewCell.swift */,
				3308ECB6248E0CD4008C7B61 /* DetailSymbolsTableViewCell.swift */,
			);
			path = View;
			sourceTree = "<group>";
		};
		3357478C247FC74A008172FB /* CustomUIElements */ = {
			isa = PBXGroup;
			children = (
				3357478D247FC77D008172FB /* CloNextButton.swift */,
				3357478F247FCABD008172FB /* CloTextField.swift */,
				33F1A4E0248F94B800857FE9 /* CloAlertController.swift */,
				3392C5EA249CEF290066D5DD /* CloFieldButton.swift */,
				33BACFF224B32F630041D852 /* CloShadowView.swift */,
			);
			path = CustomUIElements;
			sourceTree = "<group>";
		};
		3364A24BA881E1640BD3D581 /* Pods */ = {
			isa = PBXGroup;
			children = (
				7F4903D218EF839C0FC15428 /* Pods-Clo.debug.xcconfig */,
				1E5A39CE76BE4E7124AF2DCB /* Pods-Clo.release.xcconfig */,
			);
			path = Pods;
			sourceTree = "<group>";
		};
		3367E76C248160BE00459AA4 /* Add Photo */ = {
			isa = PBXGroup;
			children = (
				A8DA1A9424659F280077F0ED /* View */,
				A8DA1A9524659F300077F0ED /* Controller */,
			);
			path = "Add Photo";
			sourceTree = "<group>";
		};
		3367E76D248160D700459AA4 /* Fill Info */ = {
			isa = PBXGroup;
			children = (
				3367E76F248160FE00459AA4 /* View */,
				3367E7702481610400459AA4 /* Controller */,
			);
			path = "Fill Info";
			sourceTree = "<group>";
		};
		3367E76E248160E700459AA4 /* SelectSymbols */ = {
			isa = PBXGroup;
			children = (
				3367E7712481614F00459AA4 /* View */,
				3367E7722481615500459AA4 /* Controller */,
			);
			path = SelectSymbols;
			sourceTree = "<group>";
		};
		3367E76F248160FE00459AA4 /* View */ = {
			isa = PBXGroup;
			children = (
				33E7DCF1247F92E800BD3F41 /* AddEditClothesView.swift */,
				33148694247FF279007BAA43 /* InputFieldsView.swift */,
				33574788247FBB89008172FB /* ColorTypeCollectionView.swift */,
				3357478A247FBC03008172FB /* ColorTypeCollectionViewCell.swift */,
			);
			path = View;
			sourceTree = "<group>";
		};
		3367E7702481610400459AA4 /* Controller */ = {
			isa = PBXGroup;
			children = (
				33E7DCEF247F92CF00BD3F41 /* AddEditClothesViewController.swift */,
			);
			path = Controller;
			sourceTree = "<group>";
		};
		3367E7712481614F00459AA4 /* View */ = {
			isa = PBXGroup;
			children = (
				33A8432F2482BF7B0083339D /* SelectSymbolsView.swift */,
			);
			path = View;
			sourceTree = "<group>";
		};
		3367E7722481615500459AA4 /* Controller */ = {
			isa = PBXGroup;
			children = (
				33A8432D2482BF620083339D /* SelectSymbolsViewController.swift */,
			);
			path = Controller;
			sourceTree = "<group>";
		};
		3392C5EE249D04A10066D5DD /* ItemList */ = {
			isa = PBXGroup;
			children = (
				3392C5EF249D04BA0066D5DD /* View */,
				3392C5F0249D04BF0066D5DD /* Controller */,
			);
			path = ItemList;
			sourceTree = "<group>";
		};
		3392C5EF249D04BA0066D5DD /* View */ = {
			isa = PBXGroup;
			children = (
				3367E76624811B3C00459AA4 /* ItemView.swift */,
				3367E76824811CA600459AA4 /* ItemTableViewCell.swift */,
			);
			path = View;
			sourceTree = "<group>";
		};
		3392C5F0249D04BF0066D5DD /* Controller */ = {
			isa = PBXGroup;
			children = (
				3303FE862497778800724FAB /* ItemSheet.swift */,
				3315B133248118A400BA354B /* ItemViewController.swift */,
			);
			path = Controller;
			sourceTree = "<group>";
		};
		33B5923124A492830079E57A /* Menu */ = {
			isa = PBXGroup;
			children = (
				33B5923324A492DB0079E57A /* View */,
				33B5923224A492D40079E57A /* Controller */,
			);
			path = Menu;
			sourceTree = "<group>";
		};
		33B5923224A492D40079E57A /* Controller */ = {
			isa = PBXGroup;
			children = (
				33B5923424A492F00079E57A /* MenuViewController.swift */,
			);
			path = Controller;
			sourceTree = "<group>";
		};
		33B5923324A492DB0079E57A /* View */ = {
			isa = PBXGroup;
			children = (
				33B5923624A492FE0079E57A /* MenuView.swift */,
				33B5923824A498AB0079E57A /* MenuItemTableViewCell.swift */,
			);
			path = View;
			sourceTree = "<group>";
		};
		33DD507924AB550F009CDC01 /* LaundryList */ = {
			isa = PBXGroup;
			children = (
				33DD507C24AB554A009CDC01 /* View */,
				33DD507B24AB5542009CDC01 /* Controller */,
			);
			path = LaundryList;
			sourceTree = "<group>";
		};
		33DD507A24AB552A009CDC01 /* LaundryWithClothes */ = {
			isa = PBXGroup;
			children = (
				33FEB3AC249F8F9100D2B037 /* View */,
				33FEB3AB249F8F8A00D2B037 /* Controller */,
			);
			path = LaundryWithClothes;
			sourceTree = "<group>";
		};
		33DD507B24AB5542009CDC01 /* Controller */ = {
			isa = PBXGroup;
			children = (
				33DD507124AA36C3009CDC01 /* LaundryListViewController.swift */,
				331EE79024C962B9001730BD /* LaundryDetailViewController.swift */,
				33EF08F624B5A9D300F1A352 /* NewLaundryViewController.swift */,
				33EF08F824B5B40200F1A352 /* CreatedLaundryViewController.swift */,
			);
			path = Controller;
			sourceTree = "<group>";
		};
		33DD507C24AB554A009CDC01 /* View */ = {
			isa = PBXGroup;
			children = (
				33DD507324AA3711009CDC01 /* LaundryListView.swift */,
				335439A824C6CD52009B41EE /* AddNewItemCollectionViewCell.swift */,
				33BD5D8A24BC341C000D5356 /* LaundryListCollectionViewCell.swift */,
				3313592B24C9712100D42CCE /* LaundryListCollectionViewCellDelegates.swift */,
			);
			path = View;
			sourceTree = "<group>";
		};
		33FEB3AA249F8F6B00D2B037 /* WasnigFilter */ = {
			isa = PBXGroup;
			children = (
				33DD507924AB550F009CDC01 /* LaundryList */,
				33DD507A24AB552A009CDC01 /* LaundryWithClothes */,
			);
			path = WasnigFilter;
			sourceTree = "<group>";
		};
		33FEB3AB249F8F8A00D2B037 /* Controller */ = {
			isa = PBXGroup;
			children = (
				33FEB3B1249F902400D2B037 /* WashingFilterSheet.swift */,
				33FEB3AD249F8FCB00D2B037 /* WashingFilterViewController.swift */,
				33E61A1124A47DE100B6D1FD /* ResultViewController.swift */,
			);
			path = Controller;
			sourceTree = "<group>";
		};
		33FEB3AC249F8F9100D2B037 /* View */ = {
			isa = PBXGroup;
			children = (
				33FEB3AF249F8FDD00D2B037 /* WashingFilterView.swift */,
			);
			path = View;
			sourceTree = "<group>";
		};
		A81D0B1124585172003CA6B6 /* Managers */ = {
			isa = PBXGroup;
			children = (
				338F227D248A703E001C40D1 /* CoreDataManager.swift */,
				3367E76A2481545B00459AA4 /* PhotoLibraryManager.swift */,
				332AC389249FBBD30081EC50 /* WashingManager.swift */,
				3314D609249FE72400F69DF4 /* FeedbackManager.swift */,
				33C5172C24A4AA2000128C4B /* InAppPurchaseManager.swift */,
			);
			path = Managers;
			sourceTree = "<group>";
		};
		A82AC9712458404F00C0DC3D = {
			isa = PBXGroup;
			children = (
				A82AC97C2458404F00C0DC3D /* Clo */,
				A82AC97B2458404F00C0DC3D /* Products */,
				3364A24BA881E1640BD3D581 /* Pods */,
				27AE5B08AC8FCA322E5EAB3A /* Frameworks */,
			);
			sourceTree = "<group>";
		};
		A82AC97B2458404F00C0DC3D /* Products */ = {
			isa = PBXGroup;
			children = (
				A82AC97A2458404F00C0DC3D /* Clo.app */,
			);
			name = Products;
			sourceTree = "<group>";
		};
		A82AC97C2458404F00C0DC3D /* Clo */ = {
			isa = PBXGroup;
			children = (
				A82AC9962458414800C0DC3D /* Storyboards */,
				A8BC7477245C422D00106097 /* Sources */,
				A82AC9912458410100C0DC3D /* Models */,
				A8BC7480245C955E00106097 /* Screens */,
				A81D0B1124585172003CA6B6 /* Managers */,
				A82AC9932458411A00C0DC3D /* Extensions */,
				A82AC9952458413600C0DC3D /* Supporting files */,
			);
			path = Clo;
			sourceTree = "<group>";
		};
		A82AC9912458410100C0DC3D /* Models */ = {
			isa = PBXGroup;
			children = (
				A8C9034724602EE9004294D9 /* Symbols.swift */,
				33270510249F684500E50B98 /* Symbol.swift */,
				A8C9034924602FE3004294D9 /* Categories.swift */,
				A886AFCE24606301007FAEF2 /* SymbolsSections.swift */,
				338F227F248A70A7001C40D1 /* Clothes.swift */,
				33EF08FA24B5D5B200F1A352 /* Laundry.swift */,
				332AC387249FBB3C0081EC50 /* WashingMode.swift */,
				33E7DCF9247FB1D900BD3F41 /* ClothingType.swift */,
				33574791247FE40C008172FB /* ClothingColor.swift */,
				33270512249F688E00E50B98 /* ColorType.swift */,
				3308ECA6248D5C2F008C7B61 /* Result.swift */,
			);
			path = Models;
			sourceTree = "<group>";
		};
		A82AC9932458411A00C0DC3D /* Extensions */ = {
			isa = PBXGroup;
			children = (
				A8A2D876245B019300C265F3 /* TextField.swift */,
				3306B4472496210400A42C85 /* Image.swift */,
				3303FE8424975B2F00724FAB /* CollectionViewCell.swift */,
				33EFBD24249FA62C0031942A /* ImageView.swift */,
			);
			path = Extensions;
			sourceTree = "<group>";
		};
		A82AC9952458413600C0DC3D /* Supporting files */ = {
			isa = PBXGroup;
			children = (
				A82AC97D2458404F00C0DC3D /* AppDelegate.swift */,
				A82AC97F2458404F00C0DC3D /* SceneDelegate.swift */,
				33DFEB01248D0AF200B802F4 /* Clothes.xcdatamodeld */,
				A82AC9862458405100C0DC3D /* Assets.xcassets */,
				A82AC98B2458405100C0DC3D /* Info.plist */,
				A876C52E2458701E00B08C94 /* Podfile */,
				A85B37DE24584723001833FD /* .gitignore */,
				A807DB962459A317006BE209 /* .swiftlint.yml */,
				3367BA6524A617EB0099BB43 /* Localizable.strings */,
			);
			path = "Supporting files";
			sourceTree = "<group>";
		};
		A82AC9962458414800C0DC3D /* Storyboards */ = {
			isa = PBXGroup;
			children = (
				A82AC9882458405100C0DC3D /* LaunchScreen.storyboard */,
			);
			path = Storyboards;
			sourceTree = "<group>";
		};
		A8644DA72464171A007ABAA8 /* ListOfClothes */ = {
			isa = PBXGroup;
			children = (
				3308ECA8248E0963008C7B61 /* List */,
				3308ECA9248E099E008C7B61 /* ShowDetail */,
			);
			path = ListOfClothes;
			sourceTree = "<group>";
		};
		A8644DA824641729007ABAA8 /* Add */ = {
			isa = PBXGroup;
			children = (
				3367E76C248160BE00459AA4 /* Add Photo */,
				3367E76D248160D700459AA4 /* Fill Info */,
				3367E76E248160E700459AA4 /* SelectSymbols */,
			);
			path = Add;
			sourceTree = "<group>";
		};
		A8644DA924641758007ABAA8 /* Helper */ = {
			isa = PBXGroup;
			children = (
				A8DA1A9224659EF30077F0ED /* View */,
				A8DA1A9324659EFF0077F0ED /* Controller */,
			);
			path = Helper;
			sourceTree = "<group>";
		};
		A8BC7477245C422D00106097 /* Sources */ = {
			isa = PBXGroup;
			children = (
				3357478C247FC74A008172FB /* CustomUIElements */,
				A8BC7478245C427400106097 /* Images.swift */,
				A84DB6FE245AC8F200A101B1 /* Constants.swift */,
				A8BC747A245C429300106097 /* Colors.swift */,
				33041F9C247C113800721E63 /* Identifiers.swift */,
				A8C9034B24603A6C004294D9 /* Symbols.json */,
			);
			path = Sources;
			sourceTree = "<group>";
		};
		A8BC7480245C955E00106097 /* Screens */ = {
			isa = PBXGroup;
			children = (
				A8BC7483245C95CF00106097 /* MainTabBarController.swift */,
				A8644DA924641758007ABAA8 /* Helper */,
				33FEB3AA249F8F6B00D2B037 /* WasnigFilter */,
				A8644DA72464171A007ABAA8 /* ListOfClothes */,
				A8644DA824641729007ABAA8 /* Add */,
				33B5923124A492830079E57A /* Menu */,
				3392C5EE249D04A10066D5DD /* ItemList */,
			);
			path = Screens;
			sourceTree = "<group>";
		};
		A8DA1A9224659EF30077F0ED /* View */ = {
			isa = PBXGroup;
			children = (
				A8751F1524601E5B00B62589 /* LaundrySymbolsView.swift */,
				A84ADDFA245F5143008F3425 /* LaundrySymbolsCollectionViewCell.swift */,
				A8751F13245FFA7300B62589 /* LaundrySymbolsHeader.swift */,
			);
			path = View;
			sourceTree = "<group>";
		};
		A8DA1A9324659EFF0077F0ED /* Controller */ = {
			isa = PBXGroup;
			children = (
				A84ADDF4245F3851008F3425 /* LaundrySymbolsViewController.swift */,
			);
			path = Controller;
			sourceTree = "<group>";
		};
		A8DA1A9424659F280077F0ED /* View */ = {
			isa = PBXGroup;
			children = (
				A8204D5C24631880005E30A0 /* GalleryView.swift */,
				A8204D5E2463189D005E30A0 /* GalleryCollectionViewCell.swift */,
				A8DA1A982465A0370077F0ED /* CameraCollectionViewCell.swift */,
			);
			path = View;
			sourceTree = "<group>";
		};
		A8DA1A9524659F300077F0ED /* Controller */ = {
			isa = PBXGroup;
			children = (
				33E95F202493C66E00102199 /* GallerySheet.swift */,
				A8204D5A2463183B005E30A0 /* GalleryViewController.swift */,
			);
			path = Controller;
			sourceTree = "<group>";
		};
		A8DA1A9624659F4C0077F0ED /* Controller */ = {
			isa = PBXGroup;
			children = (
				A84ADDF6245F3AF0008F3425 /* ClothesListViewController.swift */,
			);
			path = Controller;
			sourceTree = "<group>";
		};
		A8DA1A9724659F550077F0ED /* View */ = {
			isa = PBXGroup;
			children = (
				3396FCC8247BFEA800D8B759 /* ClothesListView.swift */,
				33041F9E247C122900721E63 /* ClothesListCollectionViewCell.swift */,
				33041FA2247D061700721E63 /* ClothesListCollectionViewCellDelegates.swift */,
				33041FA0247CF64300721E63 /* ClothesSymbolsCollectionViewCell.swift */,
			);
			path = View;
			sourceTree = "<group>";
		};
/* End PBXGroup section */

/* Begin PBXNativeTarget section */
		A82AC9792458404F00C0DC3D /* Clo */ = {
			isa = PBXNativeTarget;
			buildConfigurationList = A82AC98E2458405100C0DC3D /* Build configuration list for PBXNativeTarget "Clo" */;
			buildPhases = (
				F881CD4CCF412E64BDECC764 /* [CP] Check Pods Manifest.lock */,
				331486962480026B007BAA43 /* Run Script */,
				A82AC9762458404F00C0DC3D /* Sources */,
				A82AC9772458404F00C0DC3D /* Frameworks */,
				A82AC9782458404F00C0DC3D /* Resources */,
				D35DC622A32C90C46EBBCC27 /* [CP] Embed Pods Frameworks */,
			);
			buildRules = (
			);
			dependencies = (
			);
			name = Clo;
			productName = Clo;
			productReference = A82AC97A2458404F00C0DC3D /* Clo.app */;
			productType = "com.apple.product-type.application";
		};
/* End PBXNativeTarget section */

/* Begin PBXProject section */
		A82AC9722458404F00C0DC3D /* Project object */ = {
			isa = PBXProject;
			attributes = {
				LastSwiftUpdateCheck = 1140;
				LastUpgradeCheck = 1140;
				ORGANIZATIONNAME = "Alexandr Lazarev";
				TargetAttributes = {
					A82AC9792458404F00C0DC3D = {
						CreatedOnToolsVersion = 11.4.1;
					};
				};
			};
			buildConfigurationList = A82AC9752458404F00C0DC3D /* Build configuration list for PBXProject "Clo" */;
			compatibilityVersion = "Xcode 9.3";
			developmentRegion = en;
			hasScannedForEncodings = 0;
			knownRegions = (
				en,
				Base,
				ru,
			);
			mainGroup = A82AC9712458404F00C0DC3D;
			productRefGroup = A82AC97B2458404F00C0DC3D /* Products */;
			projectDirPath = "";
			projectRoot = "";
			targets = (
				A82AC9792458404F00C0DC3D /* Clo */,
			);
		};
/* End PBXProject section */

/* Begin PBXResourcesBuildPhase section */
		A82AC9782458404F00C0DC3D /* Resources */ = {
			isa = PBXResourcesBuildPhase;
			buildActionMask = 2147483647;
			files = (
				A876C52F2458701E00B08C94 /* Podfile in Resources */,
				A8C9034C24603A6C004294D9 /* Symbols.json in Resources */,
				A85B37DF24584723001833FD /* .gitignore in Resources */,
				3367BA6324A617EB0099BB43 /* Localizable.strings in Resources */,
				A82AC98A2458405100C0DC3D /* LaunchScreen.storyboard in Resources */,
				A807DB972459A317006BE209 /* .swiftlint.yml in Resources */,
				A82AC9872458405100C0DC3D /* Assets.xcassets in Resources */,
			);
			runOnlyForDeploymentPostprocessing = 0;
		};
/* End PBXResourcesBuildPhase section */

/* Begin PBXShellScriptBuildPhase section */
		331486962480026B007BAA43 /* Run Script */ = {
			isa = PBXShellScriptBuildPhase;
			buildActionMask = 2147483647;
			files = (
			);
			inputFileListPaths = (
			);
			inputPaths = (
			);
			name = "Run Script";
			outputFileListPaths = (
			);
			outputPaths = (
			);
			runOnlyForDeploymentPostprocessing = 0;
			shellPath = /bin/sh;
			shellScript = "#exit\nif which swiftlint >/dev/null; then\n swiftlint\nelse\n  echo \"warning: SwiftLint not installed, download from #https://github.com/realm/SwiftLint\"\nfi\n\n";
		};
		D35DC622A32C90C46EBBCC27 /* [CP] Embed Pods Frameworks */ = {
			isa = PBXShellScriptBuildPhase;
			buildActionMask = 2147483647;
			files = (
			);
			inputFileListPaths = (
				"${PODS_ROOT}/Target Support Files/Pods-Clo/Pods-Clo-frameworks-${CONFIGURATION}-input-files.xcfilelist",
			);
			name = "[CP] Embed Pods Frameworks";
			outputFileListPaths = (
				"${PODS_ROOT}/Target Support Files/Pods-Clo/Pods-Clo-frameworks-${CONFIGURATION}-output-files.xcfilelist",
			);
			runOnlyForDeploymentPostprocessing = 0;
			shellPath = /bin/sh;
			shellScript = "\"${PODS_ROOT}/Target Support Files/Pods-Clo/Pods-Clo-frameworks.sh\"\n";
			showEnvVarsInLog = 0;
		};
		F881CD4CCF412E64BDECC764 /* [CP] Check Pods Manifest.lock */ = {
			isa = PBXShellScriptBuildPhase;
			buildActionMask = 2147483647;
			files = (
			);
			inputFileListPaths = (
			);
			inputPaths = (
				"${PODS_PODFILE_DIR_PATH}/Podfile.lock",
				"${PODS_ROOT}/Manifest.lock",
			);
			name = "[CP] Check Pods Manifest.lock";
			outputFileListPaths = (
			);
			outputPaths = (
				"$(DERIVED_FILE_DIR)/Pods-Clo-checkManifestLockResult.txt",
			);
			runOnlyForDeploymentPostprocessing = 0;
			shellPath = /bin/sh;
			shellScript = "diff \"${PODS_PODFILE_DIR_PATH}/Podfile.lock\" \"${PODS_ROOT}/Manifest.lock\" > /dev/null\nif [ $? != 0 ] ; then\n    # print error to STDERR\n    echo \"error: The sandbox is not in sync with the Podfile.lock. Run 'pod install' or update your CocoaPods installation.\" >&2\n    exit 1\nfi\n# This output is used by Xcode 'outputs' to avoid re-running this script phase.\necho \"SUCCESS\" > \"${SCRIPT_OUTPUT_FILE_0}\"\n";
			showEnvVarsInLog = 0;
		};
/* End PBXShellScriptBuildPhase section */

/* Begin PBXSourcesBuildPhase section */
		A82AC9762458404F00C0DC3D /* Sources */ = {
			isa = PBXSourcesBuildPhase;
			buildActionMask = 2147483647;
			files = (
				33B5923724A492FE0079E57A /* MenuView.swift in Sources */,
				33574789247FBB89008172FB /* ColorTypeCollectionView.swift in Sources */,
				33E7DCF0247F92CF00BD3F41 /* AddEditClothesViewController.swift in Sources */,
				33EFBD25249FA62C0031942A /* ImageView.swift in Sources */,
				33A8432E2482BF620083339D /* SelectSymbolsViewController.swift in Sources */,
				33EF08F924B5B40200F1A352 /* CreatedLaundryViewController.swift in Sources */,
				33FEB3B2249F902400D2B037 /* WashingFilterSheet.swift in Sources */,
				A84ADDF5245F3851008F3425 /* LaundrySymbolsViewController.swift in Sources */,
				3396FCC9247BFEA800D8B759 /* ClothesListView.swift in Sources */,
				3367E76724811B3C00459AA4 /* ItemView.swift in Sources */,
				A84ADDFB245F5143008F3425 /* LaundrySymbolsCollectionViewCell.swift in Sources */,
				33270513249F688E00E50B98 /* ColorType.swift in Sources */,
				3357478E247FC77D008172FB /* CloNextButton.swift in Sources */,
				33041FA1247CF64300721E63 /* ClothesSymbolsCollectionViewCell.swift in Sources */,
				33B5923924A498AB0079E57A /* MenuItemTableViewCell.swift in Sources */,
				338F227E248A703E001C40D1 /* CoreDataManager.swift in Sources */,
				3303FE8524975B2F00724FAB /* CollectionViewCell.swift in Sources */,
				A84DB6FF245AC8F200A101B1 /* Constants.swift in Sources */,
				A82AC97E2458404F00C0DC3D /* AppDelegate.swift in Sources */,
				A8A2D877245B019300C265F3 /* TextField.swift in Sources */,
				3308ECAF248E0A50008C7B61 /* DetailView.swift in Sources */,
				3367E76B2481545C00459AA4 /* PhotoLibraryManager.swift in Sources */,
				335439A924C6CD52009B41EE /* AddNewItemCollectionViewCell.swift in Sources */,
				A8C9034A24602FE3004294D9 /* Categories.swift in Sources */,
				A8204D5D24631881005E30A0 /* GalleryView.swift in Sources */,
				33F1A4E1248F94B800857FE9 /* CloAlertController.swift in Sources */,
				33E95F212493C66E00102199 /* GallerySheet.swift in Sources */,
				3308ECB7248E0CD4008C7B61 /* DetailSymbolsTableViewCell.swift in Sources */,
				A8751F14245FFA7300B62589 /* LaundrySymbolsHeader.swift in Sources */,
				3357478B247FBC03008172FB /* ColorTypeCollectionViewCell.swift in Sources */,
				A8204D5B2463183B005E30A0 /* GalleryViewController.swift in Sources */,
				A84ADDF7245F3AF0008F3425 /* ClothesListViewController.swift in Sources */,
				33E7DCF2247F92E800BD3F41 /* AddEditClothesView.swift in Sources */,
				33C5172D24A4AA2000128C4B /* InAppPurchaseManager.swift in Sources */,
				33A843302482BF7B0083339D /* SelectSymbolsView.swift in Sources */,
				3392C5EB249CEF290066D5DD /* CloFieldButton.swift in Sources */,
				33BD5D8B24BC341C000D5356 /* LaundryListCollectionViewCell.swift in Sources */,
				3308ECAD248E09D5008C7B61 /* DetailViewController.swift in Sources */,
				33574792247FE40C008172FB /* ClothingColor.swift in Sources */,
				332AC388249FBB3C0081EC50 /* WashingMode.swift in Sources */,
				33EF08F724B5A9D300F1A352 /* NewLaundryViewController.swift in Sources */,
				3367E76924811CA600459AA4 /* ItemTableViewCell.swift in Sources */,
				33DFEB03248D0AF200B802F4 /* Clothes.xcdatamodeld in Sources */,
				33B5923524A492F00079E57A /* MenuViewController.swift in Sources */,
				3306B4482496210400A42C85 /* Image.swift in Sources */,
				33DD507224AA36C3009CDC01 /* LaundryListViewController.swift in Sources */,
				A886AFCF24606301007FAEF2 /* SymbolsSections.swift in Sources */,
				A8BC747B245C429300106097 /* Colors.swift in Sources */,
				3303FE872497778800724FAB /* ItemSheet.swift in Sources */,
				A8751F1624601E5B00B62589 /* LaundrySymbolsView.swift in Sources */,
				33FEB3B0249F8FDD00D2B037 /* WashingFilterView.swift in Sources */,
				3308ECB1248E0CA8008C7B61 /* DetailPhotoTableViewCell.swift in Sources */,
				33574790247FCABD008172FB /* CloTextField.swift in Sources */,
				33041F9F247C122900721E63 /* ClothesListCollectionViewCell.swift in Sources */,
				332AC38A249FBBD30081EC50 /* WashingManager.swift in Sources */,
				33148695247FF279007BAA43 /* InputFieldsView.swift in Sources */,
				3314D60A249FE72400F69DF4 /* FeedbackManager.swift in Sources */,
				33041FA3247D061700721E63 /* ClothesListCollectionViewCellDelegates.swift in Sources */,
				A8DA1A992465A0370077F0ED /* CameraCollectionViewCell.swift in Sources */,
				3315B134248118A400BA354B /* ItemViewController.swift in Sources */,
				A8BC7484245C95CF00106097 /* MainTabBarController.swift in Sources */,
				33BACFF324B32F630041D852 /* CloShadowView.swift in Sources */,
				33041F9D247C113800721E63 /* Identifiers.swift in Sources */,
				33FEB3AE249F8FCB00D2B037 /* WashingFilterViewController.swift in Sources */,
				3308ECB3248E0CC0008C7B61 /* DetailTypeAndInfoTableViewCell.swift in Sources */,
				33DD507424AA3711009CDC01 /* LaundryListView.swift in Sources */,
				33EF08FB24B5D5B200F1A352 /* Laundry.swift in Sources */,
				338F2280248A70A7001C40D1 /* Clothes.swift in Sources */,
				A8BC7479245C427400106097 /* Images.swift in Sources */,
				3313592C24C9712100D42CCE /* LaundryListCollectionViewCellDelegates.swift in Sources */,
				33E61A1224A47DE100B6D1FD /* ResultViewController.swift in Sources */,
				A8204D5F2463189D005E30A0 /* GalleryCollectionViewCell.swift in Sources */,
				33E7DCFA247FB1D900BD3F41 /* ClothingType.swift in Sources */,
				331EE79124C962B9001730BD /* LaundryDetailViewController.swift in Sources */,
				3308ECA7248D5C2F008C7B61 /* Result.swift in Sources */,
				33270511249F684500E50B98 /* Symbol.swift in Sources */,
				A8C9034824602EE9004294D9 /* Symbols.swift in Sources */,
				A82AC9802458404F00C0DC3D /* SceneDelegate.swift in Sources */,
			);
			runOnlyForDeploymentPostprocessing = 0;
		};
/* End PBXSourcesBuildPhase section */

/* Begin PBXVariantGroup section */
		3367BA6524A617EB0099BB43 /* Localizable.strings */ = {
			isa = PBXVariantGroup;
			children = (
				3367BA6424A617EB0099BB43 /* en */,
				3367BA6624A617F90099BB43 /* ru */,
			);
			name = Localizable.strings;
			sourceTree = "<group>";
		};
		A82AC9882458405100C0DC3D /* LaunchScreen.storyboard */ = {
			isa = PBXVariantGroup;
			children = (
				A82AC9892458405100C0DC3D /* Base */,
				3367BA6024A6179A0099BB43 /* ru */,
			);
			name = LaunchScreen.storyboard;
			sourceTree = "<group>";
		};
/* End PBXVariantGroup section */

/* Begin XCBuildConfiguration section */
		A82AC98C2458405100C0DC3D /* Debug */ = {
			isa = XCBuildConfiguration;
			buildSettings = {
				ALWAYS_SEARCH_USER_PATHS = NO;
				CLANG_ANALYZER_LOCALIZABILITY_NONLOCALIZED = YES;
				CLANG_ANALYZER_NONNULL = YES;
				CLANG_ANALYZER_NUMBER_OBJECT_CONVERSION = YES_AGGRESSIVE;
				CLANG_CXX_LANGUAGE_STANDARD = "gnu++14";
				CLANG_CXX_LIBRARY = "libc++";
				CLANG_ENABLE_MODULES = YES;
				CLANG_ENABLE_OBJC_ARC = YES;
				CLANG_ENABLE_OBJC_WEAK = YES;
				CLANG_WARN_BLOCK_CAPTURE_AUTORELEASING = YES;
				CLANG_WARN_BOOL_CONVERSION = YES;
				CLANG_WARN_COMMA = YES;
				CLANG_WARN_CONSTANT_CONVERSION = YES;
				CLANG_WARN_DEPRECATED_OBJC_IMPLEMENTATIONS = YES;
				CLANG_WARN_DIRECT_OBJC_ISA_USAGE = YES_ERROR;
				CLANG_WARN_DOCUMENTATION_COMMENTS = YES;
				CLANG_WARN_EMPTY_BODY = YES;
				CLANG_WARN_ENUM_CONVERSION = YES;
				CLANG_WARN_INFINITE_RECURSION = YES;
				CLANG_WARN_INT_CONVERSION = YES;
				CLANG_WARN_NON_LITERAL_NULL_CONVERSION = YES;
				CLANG_WARN_OBJC_IMPLICIT_RETAIN_SELF = YES;
				CLANG_WARN_OBJC_LITERAL_CONVERSION = YES;
				CLANG_WARN_OBJC_ROOT_CLASS = YES_ERROR;
				CLANG_WARN_RANGE_LOOP_ANALYSIS = YES;
				CLANG_WARN_STRICT_PROTOTYPES = YES;
				CLANG_WARN_SUSPICIOUS_MOVE = YES;
				CLANG_WARN_UNGUARDED_AVAILABILITY = YES_AGGRESSIVE;
				CLANG_WARN_UNREACHABLE_CODE = YES;
				CLANG_WARN__DUPLICATE_METHOD_MATCH = YES;
				COPY_PHASE_STRIP = NO;
				DEBUG_INFORMATION_FORMAT = dwarf;
				ENABLE_STRICT_OBJC_MSGSEND = YES;
				ENABLE_TESTABILITY = YES;
				GCC_C_LANGUAGE_STANDARD = gnu11;
				GCC_DYNAMIC_NO_PIC = NO;
				GCC_NO_COMMON_BLOCKS = YES;
				GCC_OPTIMIZATION_LEVEL = 0;
				GCC_PREPROCESSOR_DEFINITIONS = (
					"DEBUG=1",
					"$(inherited)",
				);
				GCC_WARN_64_TO_32_BIT_CONVERSION = YES;
				GCC_WARN_ABOUT_RETURN_TYPE = YES_ERROR;
				GCC_WARN_UNDECLARED_SELECTOR = YES;
				GCC_WARN_UNINITIALIZED_AUTOS = YES_AGGRESSIVE;
				GCC_WARN_UNUSED_FUNCTION = YES;
				GCC_WARN_UNUSED_VARIABLE = YES;
				INFOPLIST_FILE = "";
				IPHONEOS_DEPLOYMENT_TARGET = 13.4;
				MTL_ENABLE_DEBUG_INFO = INCLUDE_SOURCE;
				MTL_FAST_MATH = YES;
				ONLY_ACTIVE_ARCH = YES;
				SDKROOT = iphoneos;
				SWIFT_ACTIVE_COMPILATION_CONDITIONS = DEBUG;
				SWIFT_OPTIMIZATION_LEVEL = "-Onone";
			};
			name = Debug;
		};
		A82AC98D2458405100C0DC3D /* Release */ = {
			isa = XCBuildConfiguration;
			buildSettings = {
				ALWAYS_SEARCH_USER_PATHS = NO;
				CLANG_ANALYZER_LOCALIZABILITY_NONLOCALIZED = YES;
				CLANG_ANALYZER_NONNULL = YES;
				CLANG_ANALYZER_NUMBER_OBJECT_CONVERSION = YES_AGGRESSIVE;
				CLANG_CXX_LANGUAGE_STANDARD = "gnu++14";
				CLANG_CXX_LIBRARY = "libc++";
				CLANG_ENABLE_MODULES = YES;
				CLANG_ENABLE_OBJC_ARC = YES;
				CLANG_ENABLE_OBJC_WEAK = YES;
				CLANG_WARN_BLOCK_CAPTURE_AUTORELEASING = YES;
				CLANG_WARN_BOOL_CONVERSION = YES;
				CLANG_WARN_COMMA = YES;
				CLANG_WARN_CONSTANT_CONVERSION = YES;
				CLANG_WARN_DEPRECATED_OBJC_IMPLEMENTATIONS = YES;
				CLANG_WARN_DIRECT_OBJC_ISA_USAGE = YES_ERROR;
				CLANG_WARN_DOCUMENTATION_COMMENTS = YES;
				CLANG_WARN_EMPTY_BODY = YES;
				CLANG_WARN_ENUM_CONVERSION = YES;
				CLANG_WARN_INFINITE_RECURSION = YES;
				CLANG_WARN_INT_CONVERSION = YES;
				CLANG_WARN_NON_LITERAL_NULL_CONVERSION = YES;
				CLANG_WARN_OBJC_IMPLICIT_RETAIN_SELF = YES;
				CLANG_WARN_OBJC_LITERAL_CONVERSION = YES;
				CLANG_WARN_OBJC_ROOT_CLASS = YES_ERROR;
				CLANG_WARN_RANGE_LOOP_ANALYSIS = YES;
				CLANG_WARN_STRICT_PROTOTYPES = YES;
				CLANG_WARN_SUSPICIOUS_MOVE = YES;
				CLANG_WARN_UNGUARDED_AVAILABILITY = YES_AGGRESSIVE;
				CLANG_WARN_UNREACHABLE_CODE = YES;
				CLANG_WARN__DUPLICATE_METHOD_MATCH = YES;
				COPY_PHASE_STRIP = NO;
				DEBUG_INFORMATION_FORMAT = "dwarf-with-dsym";
				ENABLE_NS_ASSERTIONS = NO;
				ENABLE_STRICT_OBJC_MSGSEND = YES;
				GCC_C_LANGUAGE_STANDARD = gnu11;
				GCC_NO_COMMON_BLOCKS = YES;
				GCC_WARN_64_TO_32_BIT_CONVERSION = YES;
				GCC_WARN_ABOUT_RETURN_TYPE = YES_ERROR;
				GCC_WARN_UNDECLARED_SELECTOR = YES;
				GCC_WARN_UNINITIALIZED_AUTOS = YES_AGGRESSIVE;
				GCC_WARN_UNUSED_FUNCTION = YES;
				GCC_WARN_UNUSED_VARIABLE = YES;
				INFOPLIST_FILE = "";
				IPHONEOS_DEPLOYMENT_TARGET = 13.4;
				MTL_ENABLE_DEBUG_INFO = NO;
				MTL_FAST_MATH = YES;
				SDKROOT = iphoneos;
				SWIFT_COMPILATION_MODE = wholemodule;
				SWIFT_OPTIMIZATION_LEVEL = "-O";
				VALIDATE_PRODUCT = YES;
			};
			name = Release;
		};
		A82AC98F2458405100C0DC3D /* Debug */ = {
			isa = XCBuildConfiguration;
			baseConfigurationReference = 7F4903D218EF839C0FC15428 /* Pods-Clo.debug.xcconfig */;
			buildSettings = {
				ASSETCATALOG_COMPILER_APPICON_NAME = AppIcon;
				CODE_SIGN_ENTITLEMENTS = "Clo/Supporting files/Clo.entitlements";
				CODE_SIGN_STYLE = Automatic;
				CURRENT_PROJECT_VERSION = 7;
				DEVELOPMENT_TEAM = AQL4937GS7;
				INFOPLIST_FILE = "$(SRCROOT)/Clo/Supporting files/Info.plist";
				IPHONEOS_DEPLOYMENT_TARGET = 13.0;
				LD_RUNPATH_SEARCH_PATHS = (
					"$(inherited)",
					"@executable_path/Frameworks",
				);
				PRODUCT_BUNDLE_IDENTIFIER = "Alexandr-Lazarev.CloApp";
				PRODUCT_NAME = "$(TARGET_NAME)";
				SWIFT_VERSION = 5.0;
				TARGETED_DEVICE_FAMILY = 1;
			};
			name = Debug;
		};
		A82AC9902458405100C0DC3D /* Release */ = {
			isa = XCBuildConfiguration;
			baseConfigurationReference = 1E5A39CE76BE4E7124AF2DCB /* Pods-Clo.release.xcconfig */;
			buildSettings = {
				ASSETCATALOG_COMPILER_APPICON_NAME = AppIcon;
				CODE_SIGN_ENTITLEMENTS = "Clo/Supporting files/Clo.entitlements";
				CODE_SIGN_STYLE = Automatic;
				CURRENT_PROJECT_VERSION = 7;
				DEVELOPMENT_TEAM = AQL4937GS7;
				INFOPLIST_FILE = "$(SRCROOT)/Clo/Supporting files/Info.plist";
				IPHONEOS_DEPLOYMENT_TARGET = 13.0;
				LD_RUNPATH_SEARCH_PATHS = (
					"$(inherited)",
					"@executable_path/Frameworks",
				);
				PRODUCT_BUNDLE_IDENTIFIER = "Alexandr-Lazarev.CloApp";
				PRODUCT_NAME = "$(TARGET_NAME)";
				SWIFT_VERSION = 5.0;
				TARGETED_DEVICE_FAMILY = 1;
			};
			name = Release;
		};
/* End XCBuildConfiguration section */

/* Begin XCConfigurationList section */
		A82AC9752458404F00C0DC3D /* Build configuration list for PBXProject "Clo" */ = {
			isa = XCConfigurationList;
			buildConfigurations = (
				A82AC98C2458405100C0DC3D /* Debug */,
				A82AC98D2458405100C0DC3D /* Release */,
			);
			defaultConfigurationIsVisible = 0;
			defaultConfigurationName = Release;
		};
		A82AC98E2458405100C0DC3D /* Build configuration list for PBXNativeTarget "Clo" */ = {
			isa = XCConfigurationList;
			buildConfigurations = (
				A82AC98F2458405100C0DC3D /* Debug */,
				A82AC9902458405100C0DC3D /* Release */,
			);
			defaultConfigurationIsVisible = 0;
			defaultConfigurationName = Release;
		};
/* End XCConfigurationList section */

/* Begin XCVersionGroup section */
		33DFEB01248D0AF200B802F4 /* Clothes.xcdatamodeld */ = {
			isa = XCVersionGroup;
			children = (
				33DFEB02248D0AF200B802F4 /* Clothes.xcdatamodel */,
			);
			currentVersion = 33DFEB02248D0AF200B802F4 /* Clothes.xcdatamodel */;
			path = Clothes.xcdatamodeld;
			sourceTree = "<group>";
			versionGroupType = wrapper.xcdatamodel;
		};
/* End XCVersionGroup section */
	};
	rootObject = A82AC9722458404F00C0DC3D /* Project object */;
}
